
Microsoft Visual Studio Solution File, Format Version 12.00
# Visual Studio Version 16
VisualStudioVersion = 16.0.29926.136
MinimumVisualStudioVersion = 10.0.40219.1
Project("{8BC9CEB8-8B4A-11D0-8D11-00A0C91BC942}") = "ChessFigures", "ChessFigures.vcxproj", "{106EE774-DC88-4208-A172-D0BED5077FB7}"
EndProject
Global
	GlobalSection(SolutionConfigurationPlatforms) = preSolution
		Debug|x64 = Debug|x64
		Debug|x86 = Debug|x86
		Release|x64 = Release|x64
		Release|x86 = Release|x86
	EndGlobalSection
	GlobalSection(ProjectConfigurationPlatforms) = postSolution
		{106EE774-DC88-4208-A172-D0BED5077FB7}.Debug|x64.ActiveCfg = Debug|x64
		{106EE774-DC88-4208-A172-D0BED5077FB7}.Debug|x64.Build.0 = Debug|x64
		{106EE774-DC88-4208-A172-D0BED5077FB7}.Debug|x86.ActiveCfg = Debug|Win32
		{106EE774-DC88-4208-A172-D0BED5077FB7}.Debug|x86.Build.0 = Debug|Win32
		{106EE774-DC88-4208-A172-D0BED5077FB7}.Release|x64.ActiveCfg = Release|x64
		{106EE774-DC88-4208-A172-D0BED5077FB7}.Release|x64.Build.0 = Release|x64
		{106EE774-DC88-4208-A172-D0BED5077FB7}.Release|x86.ActiveCfg = Release|Win32
		{106EE774-DC88-4208-A172-D0BED5077FB7}.Release|x86.Build.0 = Release|Win32
	EndGlobalSection
	GlobalSection(SolutionProperties) = preSolution
		HideSolutionNode = FALSE
	EndGlobalSection
	GlobalSection(ExtensibilityGlobals) = postSolution
		SolutionGuid = {0E9C3603-683E-4840-A817-6B9CFF980F73}
	EndGlobalSection
EndGlobal
